
Microsoft Visual Studio Solution File, Format Version 12.00
# Visual Studio Version 16
VisualStudioVersion = 16.0.30621.155
MinimumVisualStudioVersion = 10.0.40219.1
Project("{9A19103F-16F7-4668-BE54-9A1E7A4F7556}") = "2.WebApi_SuperZapatos", "WebApi_SuperZapatos\2.WebApi_SuperZapatos.csproj", "{DB99BE3E-7FED-4FFB-BDE4-CDED3AD53E61}"
EndProject
Project("{9A19103F-16F7-4668-BE54-9A1E7A4F7556}") = "3.BD_SuperZapatos", "BD_SuperZapatos\3.BD_SuperZapatos.csproj", "{21E8F68F-6F13-425B-82AC-35B3C32792FC}"
EndProject
Project("{9A19103F-16F7-4668-BE54-9A1E7A4F7556}") = "1.WinForm_SuperZapatos", "WinForm_SuperZapatos\1.WinForm_SuperZapatos.csproj", "{81DB0A70-42F8-45A7-A847-65618227A55E}"
EndProject
Global
	GlobalSection(SolutionConfigurationPlatforms) = preSolution
		Debug|Any CPU = Debug|Any CPU
		Release|Any CPU = Release|Any CPU
	EndGlobalSection
	GlobalSection(ProjectConfigurationPlatforms) = postSolution
		{DB99BE3E-7FED-4FFB-BDE4-CDED3AD53E61}.Debug|Any CPU.ActiveCfg = Debug|Any CPU
		{DB99BE3E-7FED-4FFB-BDE4-CDED3AD53E61}.Debug|Any CPU.Build.0 = Debug|Any CPU
		{DB99BE3E-7FED-4FFB-BDE4-CDED3AD53E61}.Release|Any CPU.ActiveCfg = Release|Any CPU
		{DB99BE3E-7FED-4FFB-BDE4-CDED3AD53E61}.Release|Any CPU.Build.0 = Release|Any CPU
		{21E8F68F-6F13-425B-82AC-35B3C32792FC}.Debug|Any CPU.ActiveCfg = Debug|Any CPU
		{21E8F68F-6F13-425B-82AC-35B3C32792FC}.Debug|Any CPU.Build.0 = Debug|Any CPU
		{21E8F68F-6F13-425B-82AC-35B3C32792FC}.Release|Any CPU.ActiveCfg = Release|Any CPU
		{21E8F68F-6F13-425B-82AC-35B3C32792FC}.Release|Any CPU.Build.0 = Release|Any CPU
		{81DB0A70-42F8-45A7-A847-65618227A55E}.Debug|Any CPU.ActiveCfg = Debug|Any CPU
		{81DB0A70-42F8-45A7-A847-65618227A55E}.Debug|Any CPU.Build.0 = Debug|Any CPU
		{81DB0A70-42F8-45A7-A847-65618227A55E}.Release|Any CPU.ActiveCfg = Release|Any CPU
		{81DB0A70-42F8-45A7-A847-65618227A55E}.Release|Any CPU.Build.0 = Release|Any CPU
	EndGlobalSection
	GlobalSection(SolutionProperties) = preSolution
		HideSolutionNode = FALSE
	EndGlobalSection
	GlobalSection(ExtensibilityGlobals) = postSolution
		SolutionGuid = {C61228A1-BE8E-40F3-BCE7-77049D7BF614}
	EndGlobalSection
EndGlobal
